
Microsoft Visual Studio Solution File, Format Version 12.00
# Visual Studio Version 17
VisualStudioVersion = 17.0.31903.59
MinimumVisualStudioVersion = 10.0.40219.1
Project("{FAE04EC0-301F-11D3-BF4B-00C04F79EFBC}") = "FitnessClub.BLL", "FitnessClub.BLL\FitnessClub.BLL.csproj", "{C120D343-515E-4E49-8569-3EBC2F0D2D81}"
EndProject
Project("{FAE04EC0-301F-11D3-BF4B-00C04F79EFBC}") = "FitnessClub.DAL", "FitnessClub.DAL\FitnessClub.DAL.csproj", "{384BEFF6-B377-4342-B1D8-732D4982B1D6}"
EndProject
Project("{FAE04EC0-301F-11D3-BF4B-00C04F79EFBC}") = "FitnessClub.Web", "FitnessClub.Web\FitnessClub.Web.csproj", "{62519FB9-6B3F-42A3-A4B6-909860E419E9}"
EndProject
Project("{FAE04EC0-301F-11D3-BF4B-00C04F79EFBC}") = "FitnessClub.Entities", "FitnessClub.Entities\FitnessClub.Entities.csproj", "{D6846647-0C78-439F-9C3D-C068A168C2EE}"
EndProject
Global
	GlobalSection(SolutionConfigurationPlatforms) = preSolution
		Debug|Any CPU = Debug|Any CPU
		Debug|x64 = Debug|x64
		Debug|x86 = Debug|x86
		Release|Any CPU = Release|Any CPU
		Release|x64 = Release|x64
		Release|x86 = Release|x86
	EndGlobalSection
	GlobalSection(ProjectConfigurationPlatforms) = postSolution
		{C120D343-515E-4E49-8569-3EBC2F0D2D81}.Debug|Any CPU.ActiveCfg = Debug|Any CPU
		{C120D343-515E-4E49-8569-3EBC2F0D2D81}.Debug|Any CPU.Build.0 = Debug|Any CPU
		{C120D343-515E-4E49-8569-3EBC2F0D2D81}.Debug|x64.ActiveCfg = Debug|Any CPU
		{C120D343-515E-4E49-8569-3EBC2F0D2D81}.Debug|x64.Build.0 = Debug|Any CPU
		{C120D343-515E-4E49-8569-3EBC2F0D2D81}.Debug|x86.ActiveCfg = Debug|Any CPU
		{C120D343-515E-4E49-8569-3EBC2F0D2D81}.Debug|x86.Build.0 = Debug|Any CPU
		{C120D343-515E-4E49-8569-3EBC2F0D2D81}.Release|Any CPU.ActiveCfg = Release|Any CPU
		{C120D343-515E-4E49-8569-3EBC2F0D2D81}.Release|Any CPU.Build.0 = Release|Any CPU
		{C120D343-515E-4E49-8569-3EBC2F0D2D81}.Release|x64.ActiveCfg = Release|Any CPU
		{C120D343-515E-4E49-8569-3EBC2F0D2D81}.Release|x64.Build.0 = Release|Any CPU
		{C120D343-515E-4E49-8569-3EBC2F0D2D81}.Release|x86.ActiveCfg = Release|Any CPU
		{C120D343-515E-4E49-8569-3EBC2F0D2D81}.Release|x86.Build.0 = Release|Any CPU
		{384BEFF6-B377-4342-B1D8-732D4982B1D6}.Debug|Any CPU.ActiveCfg = Debug|Any CPU
		{384BEFF6-B377-4342-B1D8-732D4982B1D6}.Debug|Any CPU.Build.0 = Debug|Any CPU
		{384BEFF6-B377-4342-B1D8-732D4982B1D6}.Debug|x64.ActiveCfg = Debug|Any CPU
		{384BEFF6-B377-4342-B1D8-732D4982B1D6}.Debug|x64.Build.0 = Debug|Any CPU
		{384BEFF6-B377-4342-B1D8-732D4982B1D6}.Debug|x86.ActiveCfg = Debug|Any CPU
		{384BEFF6-B377-4342-B1D8-732D4982B1D6}.Debug|x86.Build.0 = Debug|Any CPU
		{384BEFF6-B377-4342-B1D8-732D4982B1D6}.Release|Any CPU.ActiveCfg = Release|Any CPU
		{384BEFF6-B377-4342-B1D8-732D4982B1D6}.Release|Any CPU.Build.0 = Release|Any CPU
		{384BEFF6-B377-4342-B1D8-732D4982B1D6}.Release|x64.ActiveCfg = Release|Any CPU
		{384BEFF6-B377-4342-B1D8-732D4982B1D6}.Release|x64.Build.0 = Release|Any CPU
		{384BEFF6-B377-4342-B1D8-732D4982B1D6}.Release|x86.ActiveCfg = Release|Any CPU
		{384BEFF6-B377-4342-B1D8-732D4982B1D6}.Release|x86.Build.0 = Release|Any CPU
		{62519FB9-6B3F-42A3-A4B6-909860E419E9}.Debug|Any CPU.ActiveCfg = Debug|Any CPU
		{62519FB9-6B3F-42A3-A4B6-909860E419E9}.Debug|Any CPU.Build.0 = Debug|Any CPU
		{62519FB9-6B3F-42A3-A4B6-909860E419E9}.Debug|x64.ActiveCfg = Debug|Any CPU
		{62519FB9-6B3F-42A3-A4B6-909860E419E9}.Debug|x64.Build.0 = Debug|Any CPU
		{62519FB9-6B3F-42A3-A4B6-909860E419E9}.Debug|x86.ActiveCfg = Debug|Any CPU
		{62519FB9-6B3F-42A3-A4B6-909860E419E9}.Debug|x86.Build.0 = Debug|Any CPU
		{62519FB9-6B3F-42A3-A4B6-909860E419E9}.Release|Any CPU.ActiveCfg = Release|Any CPU
		{62519FB9-6B3F-42A3-A4B6-909860E419E9}.Release|Any CPU.Build.0 = Release|Any CPU
		{62519FB9-6B3F-42A3-A4B6-909860E419E9}.Release|x64.ActiveCfg = Release|Any CPU
		{62519FB9-6B3F-42A3-A4B6-909860E419E9}.Release|x64.Build.0 = Release|Any CPU
		{62519FB9-6B3F-42A3-A4B6-909860E419E9}.Release|x86.ActiveCfg = Release|Any CPU
		{62519FB9-6B3F-42A3-A4B6-909860E419E9}.Release|x86.Build.0 = Release|Any CPU
		{D6846647-0C78-439F-9C3D-C068A168C2EE}.Debug|Any CPU.ActiveCfg = Debug|Any CPU
		{D6846647-0C78-439F-9C3D-C068A168C2EE}.Debug|Any CPU.Build.0 = Debug|Any CPU
		{D6846647-0C78-439F-9C3D-C068A168C2EE}.Debug|x64.ActiveCfg = Debug|Any CPU
		{D6846647-0C78-439F-9C3D-C068A168C2EE}.Debug|x64.Build.0 = Debug|Any CPU
		{D6846647-0C78-439F-9C3D-C068A168C2EE}.Debug|x86.ActiveCfg = Debug|Any CPU
		{D6846647-0C78-439F-9C3D-C068A168C2EE}.Debug|x86.Build.0 = Debug|Any CPU
		{D6846647-0C78-439F-9C3D-C068A168C2EE}.Release|Any CPU.ActiveCfg = Release|Any CPU
		{D6846647-0C78-439F-9C3D-C068A168C2EE}.Release|Any CPU.Build.0 = Release|Any CPU
		{D6846647-0C78-439F-9C3D-C068A168C2EE}.Release|x64.ActiveCfg = Release|Any CPU
		{D6846647-0C78-439F-9C3D-C068A168C2EE}.Release|x64.Build.0 = Release|Any CPU
		{D6846647-0C78-439F-9C3D-C068A168C2EE}.Release|x86.ActiveCfg = Release|Any CPU
		{D6846647-0C78-439F-9C3D-C068A168C2EE}.Release|x86.Build.0 = Release|Any CPU
	EndGlobalSection
	GlobalSection(SolutionProperties) = preSolution
		HideSolutionNode = FALSE
	EndGlobalSection
EndGlobal
